version = 1
revision = 3
requires-python = ">=3.13"

[[package]]
name = "python-pathfind-uv"
version = "0.1.0"
source = { virtual = "." }
dependencies = [
    { name = "raylib-py" },
]

[package.metadata]
requires-dist = [{ name = "raylib-py", specifier = ">=5.5.0" }]

[[package]]
name = "raylib-py"
version = "5.5.0"
source = { registry = "https://pypi.org/simple" }
sdist = { url = "https://files.pythonhosted.org/packages/d6/b8/355650bfa46ff5bffc8f2709ba4e0c0bb8c2b584d2dda40d50e0f64360db/raylib_py-5.5.0.tar.gz", hash = "sha256:9cd53a1f2786def5aecac956a2a08b68d49a75ff33da809603dfcf5cee4a11c1", size = 5395625, upload-time = "2024-11-20T00:26:16.21Z" }
wheels = [
    { url = "https://files.pythonhosted.org/packages/3a/8d/f914cfc99ec7181b044383b1c88ab2c2ac627246fc45a44ae5b86700d55c/raylib_py-5.5.0-py3-none-any.whl", hash = "sha256:71d8e05e18e5ec85235e589ad1ed62364f924544aee3ec67a02c4f2d426db710", size = 5339043, upload-time = "2024-11-20T00:26:10.779Z" },
]
